
Microsoft Visual Studio Solution File, Format Version 12.00
# Visual Studio Version 17
VisualStudioVersion = 17.5.33502.453
MinimumVisualStudioVersion = 10.0.40219.1
Project("{FAE04EC0-301F-11D3-BF4B-00C04F79EFBC}") = "Calculadora", "Calculadora\Calculadora.csproj", "{F7EE9E1F-7412-4C5B-B4FC-B349129510BB}"
EndProject
Global
	GlobalSection(SolutionConfigurationPlatforms) = preSolution
		Debug|Any CPU = Debug|Any CPU
		Release|Any CPU = Release|Any CPU
	EndGlobalSection
	GlobalSection(ProjectConfigurationPlatforms) = postSolution
		{F7EE9E1F-7412-4C5B-B4FC-B349129510BB}.Debug|Any CPU.ActiveCfg = Debug|Any CPU
		{F7EE9E1F-7412-4C5B-B4FC-B349129510BB}.Debug|Any CPU.Build.0 = Debug|Any CPU
		{F7EE9E1F-7412-4C5B-B4FC-B349129510BB}.Release|Any CPU.ActiveCfg = Release|Any CPU
		{F7EE9E1F-7412-4C5B-B4FC-B349129510BB}.Release|Any CPU.Build.0 = Release|Any CPU
	EndGlobalSection
	GlobalSection(SolutionProperties) = preSolution
		HideSolutionNode = FALSE
	EndGlobalSection
	GlobalSection(ExtensibilityGlobals) = postSolution
		SolutionGuid = {4423BBC1-F639-4130-9450-C6FF733E63BA}
	EndGlobalSection
EndGlobal
